// !$*UTF8*$!
{
	archiveVersion = 1;
	classes = {
	};
	objectVersion = 56;
	objects = {

/* Begin PBXBuildFile section */
		4950F73D29B54E4F00EE043B /* AppDelegate.swift in Sources */ = {isa = PBXBuildFile; fileRef = 4950F73C29B54E4F00EE043B /* AppDelegate.swift */; };
		4950F73F29B54E4F00EE043B /* SceneDelegate.swift in Sources */ = {isa = PBXBuildFile; fileRef = 4950F73E29B54E4F00EE043B /* SceneDelegate.swift */; };
		4950F74129B54E4F00EE043B /* ViewController.swift in Sources */ = {isa = PBXBuildFile; fileRef = 4950F74029B54E4F00EE043B /* ViewController.swift */; };
		4950F74629B54E5000EE043B /* Assets.xcassets in Resources */ = {isa = PBXBuildFile; fileRef = 4950F74529B54E5000EE043B /* Assets.xcassets */; };
		4950F75229B54F2400EE043B /* SnapKit-Dynamic in Frameworks */ = {isa = PBXBuildFile; productRef = 4950F75129B54F2400EE043B /* SnapKit-Dynamic */; };
		4950F75429B54FD400EE043B /* CollectionViewCell.swift in Sources */ = {isa = PBXBuildFile; fileRef = 4950F75329B54FD400EE043B /* CollectionViewCell.swift */; };
		4950F75629B5502300EE043B /* ImageLabelView.swift in Sources */ = {isa = PBXBuildFile; fileRef = 4950F75529B5502300EE043B /* ImageLabelView.swift */; };
		4950F75829B5553F00EE043B /* DynamicHeightFlowLayout.swift in Sources */ = {isa = PBXBuildFile; fileRef = 4950F75729B5553F00EE043B /* DynamicHeightFlowLayout.swift */; };
		4950F75A29B5696600EE043B /* CompanyModel.swift in Sources */ = {isa = PBXBuildFile; fileRef = 4950F75929B5696600EE043B /* CompanyModel.swift */; };
		4950F75C29B56C4A00EE043B /* CompanyMockData.json in Resources */ = {isa = PBXBuildFile; fileRef = 4950F75B29B56C4A00EE043B /* CompanyMockData.json */; };
		4950F75F29B571E800EE043B /* RxCocoa in Frameworks */ = {isa = PBXBuildFile; productRef = 4950F75E29B571E800EE043B /* RxCocoa */; };
		4950F76129B571E800EE043B /* RxSwift in Frameworks */ = {isa = PBXBuildFile; productRef = 4950F76029B571E800EE043B /* RxSwift */; };
		4950F76829B572E400EE043B /* ViewModel.swift in Sources */ = {isa = PBXBuildFile; fileRef = 4950F76729B572E400EE043B /* ViewModel.swift */; };
/* End PBXBuildFile section */

/* Begin PBXFileReference section */
		4950F73929B54E4F00EE043B /* UpdateCellWithAnimation.app */ = {isa = PBXFileReference; explicitFileType = wrapper.application; includeInIndex = 0; path = UpdateCellWithAnimation.app; sourceTree = BUILT_PRODUCTS_DIR; };
		4950F73C29B54E4F00EE043B /* AppDelegate.swift */ = {isa = PBXFileReference; lastKnownFileType = sourcecode.swift; path = AppDelegate.swift; sourceTree = "<group>"; };
		4950F73E29B54E4F00EE043B /* SceneDelegate.swift */ = {isa = PBXFileReference; lastKnownFileType = sourcecode.swift; path = SceneDelegate.swift; sourceTree = "<group>"; };
		4950F74029B54E4F00EE043B /* ViewController.swift */ = {isa = PBXFileReference; lastKnownFileType = sourcecode.swift; path = ViewController.swift; sourceTree = "<group>"; };
		4950F74529B54E5000EE043B /* Assets.xcassets */ = {isa = PBXFileReference; lastKnownFileType = folder.assetcatalog; path = Assets.xcassets; sourceTree = "<group>"; };
		4950F74A29B54E5000EE043B /* Info.plist */ = {isa = PBXFileReference; lastKnownFileType = text.plist.xml; path = Info.plist; sourceTree = "<group>"; };
		4950F75329B54FD400EE043B /* CollectionViewCell.swift */ = {isa = PBXFileReference; lastKnownFileType = sourcecode.swift; path = CollectionViewCell.swift; sourceTree = "<group>"; };
		4950F75529B5502300EE043B /* ImageLabelView.swift */ = {isa = PBXFileReference; lastKnownFileType = sourcecode.swift; path = ImageLabelView.swift; sourceTree = "<group>"; };
		4950F75729B5553F00EE043B /* DynamicHeightFlowLayout.swift */ = {isa = PBXFileReference; lastKnownFileType = sourcecode.swift; path = DynamicHeightFlowLayout.swift; sourceTree = "<group>"; };
		4950F75929B5696600EE043B /* CompanyModel.swift */ = {isa = PBXFileReference; lastKnownFileType = sourcecode.swift; path = CompanyModel.swift; sourceTree = "<group>"; };
		4950F75B29B56C4A00EE043B /* CompanyMockData.json */ = {isa = PBXFileReference; lastKnownFileType = text.json; path = CompanyMockData.json; sourceTree = "<group>"; };
		4950F76729B572E400EE043B /* ViewModel.swift */ = {isa = PBXFileReference; lastKnownFileType = sourcecode.swift; path = ViewModel.swift; sourceTree = "<group>"; };
/* End PBXFileReference section */

/* Begin PBXFrameworksBuildPhase section */
		4950F73629B54E4F00EE043B /* Frameworks */ = {
			isa = PBXFrameworksBuildPhase;
			buildActionMask = 2147483647;
			files = (
				4950F76129B571E800EE043B /* RxSwift in Frameworks */,
				4950F75F29B571E800EE043B /* RxCocoa in Frameworks */,
				4950F75229B54F2400EE043B /* SnapKit-Dynamic in Frameworks */,
			);
			runOnlyForDeploymentPostprocessing = 0;
		};
/* End PBXFrameworksBuildPhase section */

/* Begin PBXGroup section */
		4950F73029B54E4F00EE043B = {
			isa = PBXGroup;
			children = (
				4950F73B29B54E4F00EE043B /* UpdateCellWithAnimation */,
				4950F73A29B54E4F00EE043B /* Products */,
			);
			sourceTree = "<group>";
		};
		4950F73A29B54E4F00EE043B /* Products */ = {
			isa = PBXGroup;
			children = (
				4950F73929B54E4F00EE043B /* UpdateCellWithAnimation.app */,
			);
			name = Products;
			sourceTree = "<group>";
		};
		4950F73B29B54E4F00EE043B /* UpdateCellWithAnimation */ = {
			isa = PBXGroup;
			children = (
				4950F76229B571EF00EE043B /* Delegate */,
				4950F76429B5721000EE043B /* Scene */,
				4950F76629B5722300EE043B /* Resource */,
				4950F76529B5721800EE043B /* Tool */,
				4950F76329B5720000EE043B /* Model */,
				4950F76929B572E800EE043B /* ViewModel */,
			);
			path = UpdateCellWithAnimation;
			sourceTree = "<group>";
		};
		4950F76229B571EF00EE043B /* Delegate */ = {
			isa = PBXGroup;
			children = (
				4950F73C29B54E4F00EE043B /* AppDelegate.swift */,
				4950F73E29B54E4F00EE043B /* SceneDelegate.swift */,
			);
			path = Delegate;
			sourceTree = "<group>";
		};
		4950F76329B5720000EE043B /* Model */ = {
			isa = PBXGroup;
			children = (
				4950F75929B5696600EE043B /* CompanyModel.swift */,
			);
			path = Model;
			sourceTree = "<group>";
		};
		4950F76429B5721000EE043B /* Scene */ = {
			isa = PBXGroup;
			children = (
				4950F74029B54E4F00EE043B /* ViewController.swift */,
				4950F75329B54FD400EE043B /* CollectionViewCell.swift */,
				4950F75529B5502300EE043B /* ImageLabelView.swift */,
			);
			path = Scene;
			sourceTree = "<group>";
		};
		4950F76529B5721800EE043B /* Tool */ = {
			isa = PBXGroup;
			children = (
				4950F75729B5553F00EE043B /* DynamicHeightFlowLayout.swift */,
			);
			path = Tool;
			sourceTree = "<group>";
		};
		4950F76629B5722300EE043B /* Resource */ = {
			isa = PBXGroup;
			children = (
				4950F74529B54E5000EE043B /* Assets.xcassets */,
				4950F74A29B54E5000EE043B /* Info.plist */,
				4950F75B29B56C4A00EE043B /* CompanyMockData.json */,
			);
			path = Resource;
			sourceTree = "<group>";
		};
		4950F76929B572E800EE043B /* ViewModel */ = {
			isa = PBXGroup;
			children = (
				4950F76729B572E400EE043B /* ViewModel.swift */,
			);
			path = ViewModel;
			sourceTree = "<group>";
		};
/* End PBXGroup section */

/* Begin PBXNativeTarget section */
		4950F73829B54E4F00EE043B /* UpdateCellWithAnimation */ = {
			isa = PBXNativeTarget;
			buildConfigurationList = 4950F74D29B54E5000EE043B /* Build configuration list for PBXNativeTarget "UpdateCellWithAnimation" */;
			buildPhases = (
				4950F73529B54E4F00EE043B /* Sources */,
				4950F73629B54E4F00EE043B /* Frameworks */,
				4950F73729B54E4F00EE043B /* Resources */,
			);
			buildRules = (
			);
			dependencies = (
			);
			name = UpdateCellWithAnimation;
			packageProductDependencies = (
				4950F75129B54F2400EE043B /* SnapKit-Dynamic */,
				4950F75E29B571E800EE043B /* RxCocoa */,
				4950F76029B571E800EE043B /* RxSwift */,
			);
			productName = UpdateCellWithAnimation;
			productReference = 4950F73929B54E4F00EE043B /* UpdateCellWithAnimation.app */;
			productType = "com.apple.product-type.application";
		};
/* End PBXNativeTarget section */

/* Begin PBXProject section */
		4950F73129B54E4F00EE043B /* Project object */ = {
			isa = PBXProject;
			attributes = {
				BuildIndependentTargetsInParallel = 1;
				LastSwiftUpdateCheck = 1420;
				LastUpgradeCheck = 1420;
				TargetAttributes = {
					4950F73829B54E4F00EE043B = {
						CreatedOnToolsVersion = 14.2;
					};
				};
			};
			buildConfigurationList = 4950F73429B54E4F00EE043B /* Build configuration list for PBXProject "UpdateCellWithAnimation" */;
			compatibilityVersion = "Xcode 14.0";
			developmentRegion = en;
			hasScannedForEncodings = 0;
			knownRegions = (
				en,
				Base,
			);
			mainGroup = 4950F73029B54E4F00EE043B;
			packageReferences = (
				4950F75029B54F2400EE043B /* XCRemoteSwiftPackageReference "SnapKit" */,
				4950F75D29B571E800EE043B /* XCRemoteSwiftPackageReference "RxSwift" */,
			);
			productRefGroup = 4950F73A29B54E4F00EE043B /* Products */;
			projectDirPath = "";
			projectRoot = "";
			targets = (
				4950F73829B54E4F00EE043B /* UpdateCellWithAnimation */,
			);
		};
/* End PBXProject section */

/* Begin PBXResourcesBuildPhase section */
		4950F73729B54E4F00EE043B /* Resources */ = {
			isa = PBXResourcesBuildPhase;
			buildActionMask = 2147483647;
			files = (
				4950F75C29B56C4A00EE043B /* CompanyMockData.json in Resources */,
				4950F74629B54E5000EE043B /* Assets.xcassets in Resources */,
			);
			runOnlyForDeploymentPostprocessing = 0;
		};
/* End PBXResourcesBuildPhase section */

/* Begin PBXSourcesBuildPhase section */
		4950F73529B54E4F00EE043B /* Sources */ = {
			isa = PBXSourcesBuildPhase;
			buildActionMask = 2147483647;
			files = (
				4950F74129B54E4F00EE043B /* ViewController.swift in Sources */,
				4950F75629B5502300EE043B /* ImageLabelView.swift in Sources */,
				4950F73D29B54E4F00EE043B /* AppDelegate.swift in Sources */,
				4950F75A29B5696600EE043B /* CompanyModel.swift in Sources */,
				4950F75429B54FD400EE043B /* CollectionViewCell.swift in Sources */,
				4950F75829B5553F00EE043B /* DynamicHeightFlowLayout.swift in Sources */,
				4950F76829B572E400EE043B /* ViewModel.swift in Sources */,
				4950F73F29B54E4F00EE043B /* SceneDelegate.swift in Sources */,
			);
			runOnlyForDeploymentPostprocessing = 0;
		};
/* End PBXSourcesBuildPhase section */

/* Begin XCBuildConfiguration section */
		4950F74B29B54E5000EE043B /* Debug */ = {
			isa = XCBuildConfiguration;
			buildSettings = {
				ALWAYS_SEARCH_USER_PATHS = NO;
				CLANG_ANALYZER_NONNULL = YES;
				CLANG_ANALYZER_NUMBER_OBJECT_CONVERSION = YES_AGGRESSIVE;
				CLANG_CXX_LANGUAGE_STANDARD = "gnu++20";
				CLANG_ENABLE_MODULES = YES;
				CLANG_ENABLE_OBJC_ARC = YES;
				CLANG_ENABLE_OBJC_WEAK = YES;
				CLANG_WARN_BLOCK_CAPTURE_AUTORELEASING = YES;
				CLANG_WARN_BOOL_CONVERSION = YES;
				CLANG_WARN_COMMA = YES;
				CLANG_WARN_CONSTANT_CONVERSION = YES;
				CLANG_WARN_DEPRECATED_OBJC_IMPLEMENTATIONS = YES;
				CLANG_WARN_DIRECT_OBJC_ISA_USAGE = YES_ERROR;
				CLANG_WARN_DOCUMENTATION_COMMENTS = YES;
				CLANG_WARN_EMPTY_BODY = YES;
				CLANG_WARN_ENUM_CONVERSION = YES;
				CLANG_WARN_INFINITE_RECURSION = YES;
				CLANG_WARN_INT_CONVERSION = YES;
				CLANG_WARN_NON_LITERAL_NULL_CONVERSION = YES;
				CLANG_WARN_OBJC_IMPLICIT_RETAIN_SELF = YES;
				CLANG_WARN_OBJC_LITERAL_CONVERSION = YES;
				CLANG_WARN_OBJC_ROOT_CLASS = YES_ERROR;
				CLANG_WARN_QUOTED_INCLUDE_IN_FRAMEWORK_HEADER = YES;
				CLANG_WARN_RANGE_LOOP_ANALYSIS = YES;
				CLANG_WARN_STRICT_PROTOTYPES = YES;
				CLANG_WARN_SUSPICIOUS_MOVE = YES;
				CLANG_WARN_UNGUARDED_AVAILABILITY = YES_AGGRESSIVE;
				CLANG_WARN_UNREACHABLE_CODE = YES;
				CLANG_WARN__DUPLICATE_METHOD_MATCH = YES;
				COPY_PHASE_STRIP = NO;
				DEBUG_INFORMATION_FORMAT = dwarf;
				ENABLE_STRICT_OBJC_MSGSEND = YES;
				ENABLE_TESTABILITY = YES;
				GCC_C_LANGUAGE_STANDARD = gnu11;
				GCC_DYNAMIC_NO_PIC = NO;
				GCC_NO_COMMON_BLOCKS = YES;
				GCC_OPTIMIZATION_LEVEL = 0;
				GCC_PREPROCESSOR_DEFINITIONS = (
					"DEBUG=1",
					"$(inherited)",
				);
				GCC_WARN_64_TO_32_BIT_CONVERSION = YES;
				GCC_WARN_ABOUT_RETURN_TYPE = YES_ERROR;
				GCC_WARN_UNDECLARED_SELECTOR = YES;
				GCC_WARN_UNINITIALIZED_AUTOS = YES_AGGRESSIVE;
				GCC_WARN_UNUSED_FUNCTION = YES;
				GCC_WARN_UNUSED_VARIABLE = YES;
				IPHONEOS_DEPLOYMENT_TARGET = 16.2;
				MTL_ENABLE_DEBUG_INFO = INCLUDE_SOURCE;
				MTL_FAST_MATH = YES;
				ONLY_ACTIVE_ARCH = YES;
				SDKROOT = iphoneos;
				SWIFT_ACTIVE_COMPILATION_CONDITIONS = DEBUG;
				SWIFT_OPTIMIZATION_LEVEL = "-Onone";
			};
			name = Debug;
		};
		4950F74C29B54E5000EE043B /* Release */ = {
			isa = XCBuildConfiguration;
			buildSettings = {
				ALWAYS_SEARCH_USER_PATHS = NO;
				CLANG_ANALYZER_NONNULL = YES;
				CLANG_ANALYZER_NUMBER_OBJECT_CONVERSION = YES_AGGRESSIVE;
				CLANG_CXX_LANGUAGE_STANDARD = "gnu++20";
				CLANG_ENABLE_MODULES = YES;
				CLANG_ENABLE_OBJC_ARC = YES;
				CLANG_ENABLE_OBJC_WEAK = YES;
				CLANG_WARN_BLOCK_CAPTURE_AUTORELEASING = YES;
				CLANG_WARN_BOOL_CONVERSION = YES;
				CLANG_WARN_COMMA = YES;
				CLANG_WARN_CONSTANT_CONVERSION = YES;
				CLANG_WARN_DEPRECATED_OBJC_IMPLEMENTATIONS = YES;
				CLANG_WARN_DIRECT_OBJC_ISA_USAGE = YES_ERROR;
				CLANG_WARN_DOCUMENTATION_COMMENTS = YES;
				CLANG_WARN_EMPTY_BODY = YES;
				CLANG_WARN_ENUM_CONVERSION = YES;
				CLANG_WARN_INFINITE_RECURSION = YES;
				CLANG_WARN_INT_CONVERSION = YES;
				CLANG_WARN_NON_LITERAL_NULL_CONVERSION = YES;
				CLANG_WARN_OBJC_IMPLICIT_RETAIN_SELF = YES;
				CLANG_WARN_OBJC_LITERAL_CONVERSION = YES;
				CLANG_WARN_OBJC_ROOT_CLASS = YES_ERROR;
				CLANG_WARN_QUOTED_INCLUDE_IN_FRAMEWORK_HEADER = YES;
				CLANG_WARN_RANGE_LOOP_ANALYSIS = YES;
				CLANG_WARN_STRICT_PROTOTYPES = YES;
				CLANG_WARN_SUSPICIOUS_MOVE = YES;
				CLANG_WARN_UNGUARDED_AVAILABILITY = YES_AGGRESSIVE;
				CLANG_WARN_UNREACHABLE_CODE = YES;
				CLANG_WARN__DUPLICATE_METHOD_MATCH = YES;
				COPY_PHASE_STRIP = NO;
				DEBUG_INFORMATION_FORMAT = "dwarf-with-dsym";
				ENABLE_NS_ASSERTIONS = NO;
				ENABLE_STRICT_OBJC_MSGSEND = YES;
				GCC_C_LANGUAGE_STANDARD = gnu11;
				GCC_NO_COMMON_BLOCKS = YES;
				GCC_WARN_64_TO_32_BIT_CONVERSION = YES;
				GCC_WARN_ABOUT_RETURN_TYPE = YES_ERROR;
				GCC_WARN_UNDECLARED_SELECTOR = YES;
				GCC_WARN_UNINITIALIZED_AUTOS = YES_AGGRESSIVE;
				GCC_WARN_UNUSED_FUNCTION = YES;
				GCC_WARN_UNUSED_VARIABLE = YES;
				IPHONEOS_DEPLOYMENT_TARGET = 16.2;
				MTL_ENABLE_DEBUG_INFO = NO;
				MTL_FAST_MATH = YES;
				SDKROOT = iphoneos;
				SWIFT_COMPILATION_MODE = wholemodule;
				SWIFT_OPTIMIZATION_LEVEL = "-O";
				VALIDATE_PRODUCT = YES;
			};
			name = Release;
		};
		4950F74E29B54E5000EE043B /* Debug */ = {
			isa = XCBuildConfiguration;
			buildSettings = {
				ASSETCATALOG_COMPILER_APPICON_NAME = AppIcon;
				ASSETCATALOG_COMPILER_GLOBAL_ACCENT_COLOR_NAME = AccentColor;
				CODE_SIGN_STYLE = Automatic;
				CURRENT_PROJECT_VERSION = 1;
				DEVELOPMENT_TEAM = HDFLLXK789;
				GENERATE_INFOPLIST_FILE = YES;
				INFOPLIST_FILE = UpdateCellWithAnimation/Resource/Info.plist;
				INFOPLIST_KEY_UIApplicationSupportsIndirectInputEvents = YES;
				INFOPLIST_KEY_UILaunchStoryboardName = LaunchScreen;
				INFOPLIST_KEY_UIMainStoryboardFile = "";
				INFOPLIST_KEY_UISupportedInterfaceOrientations_iPad = "UIInterfaceOrientationPortrait UIInterfaceOrientationPortraitUpsideDown UIInterfaceOrientationLandscapeLeft UIInterfaceOrientationLandscapeRight";
				INFOPLIST_KEY_UISupportedInterfaceOrientations_iPhone = "UIInterfaceOrientationPortrait UIInterfaceOrientationLandscapeLeft UIInterfaceOrientationLandscapeRight";
				LD_RUNPATH_SEARCH_PATHS = (
					"$(inherited)",
					"@executable_path/Frameworks",
				);
				MARKETING_VERSION = 1.0;
				PRODUCT_BUNDLE_IDENTIFIER = com.ycompany.UpdateCellWithAnimation;
				PRODUCT_NAME = "$(TARGET_NAME)";
				SWIFT_EMIT_LOC_STRINGS = YES;
				SWIFT_VERSION = 5.0;
				TARGETED_DEVICE_FAMILY = "1,2";
			};
			name = Debug;
		};
		4950F74F29B54E5000EE043B /* Release */ = {
			isa = XCBuildConfiguration;
			buildSettings = {
				ASSETCATALOG_COMPILER_APPICON_NAME = AppIcon;
				ASSETCATALOG_COMPILER_GLOBAL_ACCENT_COLOR_NAME = AccentColor;
				CODE_SIGN_STYLE = Automatic;
				CURRENT_PROJECT_VERSION = 1;
				DEVELOPMENT_TEAM = HDFLLXK789;
				GENERATE_INFOPLIST_FILE = YES;
				INFOPLIST_FILE = UpdateCellWithAnimation/Resource/Info.plist;
				INFOPLIST_KEY_UIApplicationSupportsIndirectInputEvents = YES;
				INFOPLIST_KEY_UILaunchStoryboardName = LaunchScreen;
				INFOPLIST_KEY_UIMainStoryboardFile = "";
				INFOPLIST_KEY_UISupportedInterfaceOrientations_iPad = "UIInterfaceOrientationPortrait UIInterfaceOrientationPortraitUpsideDown UIInterfaceOrientationLandscapeLeft UIInterfaceOrientationLandscapeRight";
				INFOPLIST_KEY_UISupportedInterfaceOrientations_iPhone = "UIInterfaceOrientationPortrait UIInterfaceOrientationLandscapeLeft UIInterfaceOrientationLandscapeRight";
				LD_RUNPATH_SEARCH_PATHS = (
					"$(inherited)",
					"@executable_path/Frameworks",
				);
				MARKETING_VERSION = 1.0;
				PRODUCT_BUNDLE_IDENTIFIER = com.ycompany.UpdateCellWithAnimation;
				PRODUCT_NAME = "$(TARGET_NAME)";
				SWIFT_EMIT_LOC_STRINGS = YES;
				SWIFT_VERSION = 5.0;
				TARGETED_DEVICE_FAMILY = "1,2";
			};
			name = Release;
		};
/* End XCBuildConfiguration section */

/* Begin XCConfigurationList section */
		4950F73429B54E4F00EE043B /* Build configuration list for PBXProject "UpdateCellWithAnimation" */ = {
			isa = XCConfigurationList;
			buildConfigurations = (
				4950F74B29B54E5000EE043B /* Debug */,
				4950F74C29B54E5000EE043B /* Release */,
			);
			defaultConfigurationIsVisible = 0;
			defaultConfigurationName = Release;
		};
		4950F74D29B54E5000EE043B /* Build configuration list for PBXNativeTarget "UpdateCellWithAnimation" */ = {
			isa = XCConfigurationList;
			buildConfigurations = (
				4950F74E29B54E5000EE043B /* Debug */,
				4950F74F29B54E5000EE043B /* Release */,
			);
			defaultConfigurationIsVisible = 0;
			defaultConfigurationName = Release;
		};
/* End XCConfigurationList section */

/* Begin XCRemoteSwiftPackageReference section */
		4950F75029B54F2400EE043B /* XCRemoteSwiftPackageReference "SnapKit" */ = {
			isa = XCRemoteSwiftPackageReference;
			repositoryURL = "https://github.com/SnapKit/SnapKit.git";
			requirement = {
				kind = upToNextMajorVersion;
				minimumVersion = 5.0.0;
			};
		};
		4950F75D29B571E800EE043B /* XCRemoteSwiftPackageReference "RxSwift" */ = {
			isa = XCRemoteSwiftPackageReference;
			repositoryURL = "https://github.com/ReactiveX/RxSwift.git";
			requirement = {
				branch = main;
				kind = branch;
			};
		};
/* End XCRemoteSwiftPackageReference section */

/* Begin XCSwiftPackageProductDependency section */
		4950F75129B54F2400EE043B /* SnapKit-Dynamic */ = {
			isa = XCSwiftPackageProductDependency;
			package = 4950F75029B54F2400EE043B /* XCRemoteSwiftPackageReference "SnapKit" */;
			productName = "SnapKit-Dynamic";
		};
		4950F75E29B571E800EE043B /* RxCocoa */ = {
			isa = XCSwiftPackageProductDependency;
			package = 4950F75D29B571E800EE043B /* XCRemoteSwiftPackageReference "RxSwift" */;
			productName = RxCocoa;
		};
		4950F76029B571E800EE043B /* RxSwift */ = {
			isa = XCSwiftPackageProductDependency;
			package = 4950F75D29B571E800EE043B /* XCRemoteSwiftPackageReference "RxSwift" */;
			productName = RxSwift;
		};
/* End XCSwiftPackageProductDependency section */
	};
	rootObject = 4950F73129B54E4F00EE043B /* Project object */;
}
